
Microsoft Visual Studio Solution File, Format Version 12.00
# Visual Studio Version 16
VisualStudioVersion = 16.0.31515.178
MinimumVisualStudioVersion = 10.0.40219.1
Project("{9A19103F-16F7-4668-BE54-9A1E7A4F7556}") = "BowlingGame", "BowlingGame\BowlingGame.csproj", "{63EF0DDF-21A0-461F-B430-6DFED38FDEFE}"
EndProject
Project("{9A19103F-16F7-4668-BE54-9A1E7A4F7556}") = "BowlingGameTest", "BowlingGameTest\BowlingGameTest.csproj", "{E017B763-81A5-47DF-907D-64F85A9AE1BC}"
EndProject
Project("{2150E333-8FDC-42A3-9474-1A3956D46DE8}") = "Solution Items", "Solution Items", "{89F9EE7F-9256-4BD2-85FC-681AFB4D8381}"
	ProjectSection(SolutionItems) = preProject
		.editorconfig = .editorconfig
	EndProjectSection
EndProject
Global
	GlobalSection(SolutionConfigurationPlatforms) = preSolution
		Debug|Any CPU = Debug|Any CPU
		Release|Any CPU = Release|Any CPU
	EndGlobalSection
	GlobalSection(ProjectConfigurationPlatforms) = postSolution
		{63EF0DDF-21A0-461F-B430-6DFED38FDEFE}.Debug|Any CPU.ActiveCfg = Debug|Any CPU
		{63EF0DDF-21A0-461F-B430-6DFED38FDEFE}.Debug|Any CPU.Build.0 = Debug|Any CPU
		{63EF0DDF-21A0-461F-B430-6DFED38FDEFE}.Release|Any CPU.ActiveCfg = Release|Any CPU
		{63EF0DDF-21A0-461F-B430-6DFED38FDEFE}.Release|Any CPU.Build.0 = Release|Any CPU
		{E017B763-81A5-47DF-907D-64F85A9AE1BC}.Debug|Any CPU.ActiveCfg = Debug|Any CPU
		{E017B763-81A5-47DF-907D-64F85A9AE1BC}.Debug|Any CPU.Build.0 = Debug|Any CPU
		{E017B763-81A5-47DF-907D-64F85A9AE1BC}.Release|Any CPU.ActiveCfg = Release|Any CPU
		{E017B763-81A5-47DF-907D-64F85A9AE1BC}.Release|Any CPU.Build.0 = Release|Any CPU
	EndGlobalSection
	GlobalSection(SolutionProperties) = preSolution
		HideSolutionNode = FALSE
	EndGlobalSection
	GlobalSection(ExtensibilityGlobals) = postSolution
		SolutionGuid = {1B0BBC67-7088-4286-BAF7-86FE1FC85BF0}
	EndGlobalSection
EndGlobal
